
Microsoft Visual Studio Solution File, Format Version 12.00
# Visual Studio Version 17
VisualStudioVersion = 17.5.33516.290
MinimumVisualStudioVersion = 10.0.40219.1
Project("{FAE04EC0-301F-11D3-BF4B-00C04F79EFBC}") = "Library.API", "Library.API\Library.API.csproj", "{69C24627-9CCB-4136-809F-38B31CFD0509}"
EndProject
Project("{FAE04EC0-301F-11D3-BF4B-00C04F79EFBC}") = "Library.Domain", "Library.Domain\Library.Domain.csproj", "{72765DAC-5542-4C3D-80C9-13C05552C2E8}"
EndProject
Project("{FAE04EC0-301F-11D3-BF4B-00C04F79EFBC}") = "Library.Application", "Library.Application\Library.Application.csproj", "{FD43FAE1-07AB-49BA-B9DC-F4BE7BDF12F1}"
EndProject
Project("{FAE04EC0-301F-11D3-BF4B-00C04F79EFBC}") = "Library.Infrastructure", "Library.Infrastructure\Library.Infrastructure.csproj", "{551C2390-6AC4-42D0-889E-F2049652F6CC}"
EndProject
Global
	GlobalSection(SolutionConfigurationPlatforms) = preSolution
		Debug|Any CPU = Debug|Any CPU
		Release|Any CPU = Release|Any CPU
	EndGlobalSection
	GlobalSection(ProjectConfigurationPlatforms) = postSolution
		{69C24627-9CCB-4136-809F-38B31CFD0509}.Debug|Any CPU.ActiveCfg = Debug|Any CPU
		{69C24627-9CCB-4136-809F-38B31CFD0509}.Debug|Any CPU.Build.0 = Debug|Any CPU
		{69C24627-9CCB-4136-809F-38B31CFD0509}.Release|Any CPU.ActiveCfg = Release|Any CPU
		{69C24627-9CCB-4136-809F-38B31CFD0509}.Release|Any CPU.Build.0 = Release|Any CPU
		{72765DAC-5542-4C3D-80C9-13C05552C2E8}.Debug|Any CPU.ActiveCfg = Debug|Any CPU
		{72765DAC-5542-4C3D-80C9-13C05552C2E8}.Debug|Any CPU.Build.0 = Debug|Any CPU
		{72765DAC-5542-4C3D-80C9-13C05552C2E8}.Release|Any CPU.ActiveCfg = Release|Any CPU
		{72765DAC-5542-4C3D-80C9-13C05552C2E8}.Release|Any CPU.Build.0 = Release|Any CPU
		{FD43FAE1-07AB-49BA-B9DC-F4BE7BDF12F1}.Debug|Any CPU.ActiveCfg = Debug|Any CPU
		{FD43FAE1-07AB-49BA-B9DC-F4BE7BDF12F1}.Debug|Any CPU.Build.0 = Debug|Any CPU
		{FD43FAE1-07AB-49BA-B9DC-F4BE7BDF12F1}.Release|Any CPU.ActiveCfg = Release|Any CPU
		{FD43FAE1-07AB-49BA-B9DC-F4BE7BDF12F1}.Release|Any CPU.Build.0 = Release|Any CPU
		{551C2390-6AC4-42D0-889E-F2049652F6CC}.Debug|Any CPU.ActiveCfg = Debug|Any CPU
		{551C2390-6AC4-42D0-889E-F2049652F6CC}.Debug|Any CPU.Build.0 = Debug|Any CPU
		{551C2390-6AC4-42D0-889E-F2049652F6CC}.Release|Any CPU.ActiveCfg = Release|Any CPU
		{551C2390-6AC4-42D0-889E-F2049652F6CC}.Release|Any CPU.Build.0 = Release|Any CPU
	EndGlobalSection
	GlobalSection(SolutionProperties) = preSolution
		HideSolutionNode = FALSE
	EndGlobalSection
	GlobalSection(ExtensibilityGlobals) = postSolution
		SolutionGuid = {D5F3C8F6-FC05-4423-A9CA-9660B5F0EBA5}
	EndGlobalSection
EndGlobal
